
Microsoft Visual Studio Solution File, Format Version 12.00
# Visual Studio Version 17
VisualStudioVersion = 17.4.33103.184
MinimumVisualStudioVersion = 10.0.40219.1
Project("{FAE04EC0-301F-11D3-BF4B-00C04F79EFBC}") = "MAD.DataWarehouse.FleetOffice", "MAD.DataWarehouse.FleetOffice\MAD.DataWarehouse.FleetOffice.csproj", "{5864094A-BDCA-4A91-B63E-7C95A5E0C70D}"
EndProject
Global
	GlobalSection(SolutionConfigurationPlatforms) = preSolution
		Debug|Any CPU = Debug|Any CPU
		Release|Any CPU = Release|Any CPU
	EndGlobalSection
	GlobalSection(ProjectConfigurationPlatforms) = postSolution
		{5864094A-BDCA-4A91-B63E-7C95A5E0C70D}.Debug|Any CPU.ActiveCfg = Debug|Any CPU
		{5864094A-BDCA-4A91-B63E-7C95A5E0C70D}.Debug|Any CPU.Build.0 = Debug|Any CPU
		{5864094A-BDCA-4A91-B63E-7C95A5E0C70D}.Release|Any CPU.ActiveCfg = Release|Any CPU
		{5864094A-BDCA-4A91-B63E-7C95A5E0C70D}.Release|Any CPU.Build.0 = Release|Any CPU
	EndGlobalSection
	GlobalSection(SolutionProperties) = preSolution
		HideSolutionNode = FALSE
	EndGlobalSection
	GlobalSection(ExtensibilityGlobals) = postSolution
		SolutionGuid = {FD56DF0C-7C21-4F1E-A00C-F0B4E8824FC0}
	EndGlobalSection
EndGlobal
